{
	"name": "@universal-state/react",
	"version": "0.0.0",
	"lockfileVersion": 1,
	"requires": true,
	"dependencies": {
		"mobx-react": {
			"version": "7.0.0",
			"resolved": "https://registry.npmjs.org/mobx-react/-/mobx-react-7.0.0.tgz",
			"integrity": "sha512-yxbTG+ovn/GbgF3+QdQahkL5sXiITtwvkoXM6PNqd0V4jvO53cnr/YM4PYuA+0Ig95IW1nojA3qViJx9ufJm6w==",
			"requires": {
				"mobx-react-lite": "^3.0.0"
			}
		},
		"mobx-react-lite": {
			"version": "3.0.1",
			"resolved": "https://registry.npmjs.org/mobx-react-lite/-/mobx-react-lite-3.0.1.tgz",
			"integrity": "sha512-Ue8uGgT5iOjMyNf5ptoFW7BTvyLIwggzIkoFpwORrqf73TPqu47iLpz/DNvaba3v40kSsEpp050qYroMNuA1xw=="
		}
	}
}
